
Microsoft Visual Studio Solution File, Format Version 12.00
# Visual Studio Version 17
VisualStudioVersion = 17.0.32112.339
MinimumVisualStudioVersion = 10.0.40219.1
Project("{FAE04EC0-301F-11D3-BF4B-00C04F79EFBC}") = "calculator", "calculator.csproj", "{C83AF39C-160C-4E30-A96E-DA0C7DADF73E}"
EndProject
Global
	GlobalSection(SolutionConfigurationPlatforms) = preSolution
		Debug|Any CPU = Debug|Any CPU
		Release|Any CPU = Release|Any CPU
	EndGlobalSection
	GlobalSection(ProjectConfigurationPlatforms) = postSolution
		{C83AF39C-160C-4E30-A96E-DA0C7DADF73E}.Debug|Any CPU.ActiveCfg = Debug|Any CPU
		{C83AF39C-160C-4E30-A96E-DA0C7DADF73E}.Debug|Any CPU.Build.0 = Debug|Any CPU
		{C83AF39C-160C-4E30-A96E-DA0C7DADF73E}.Release|Any CPU.ActiveCfg = Release|Any CPU
		{C83AF39C-160C-4E30-A96E-DA0C7DADF73E}.Release|Any CPU.Build.0 = Release|Any CPU
	EndGlobalSection
	GlobalSection(SolutionProperties) = preSolution
		HideSolutionNode = FALSE
	EndGlobalSection
	GlobalSection(ExtensibilityGlobals) = postSolution
		SolutionGuid = {22CBA368-FFE2-4CF6-98FA-67C18D58D0C4}
	EndGlobalSection
EndGlobal
